// !$*UTF8*$!
{
	archiveVersion = 1;
	classes = {
	};
	objectVersion = 55;
	objects = {

/* Begin PBXBuildFile section */
		356D906B2746602600E9B529 /* Test_TaskApp.swift in Sources */ = {isa = PBXBuildFile; fileRef = 356D906A2746602600E9B529 /* Test_TaskApp.swift */; };
		356D906D2746602600E9B529 /* ContentView.swift in Sources */ = {isa = PBXBuildFile; fileRef = 356D906C2746602600E9B529 /* ContentView.swift */; };
		356D906F2746602800E9B529 /* Assets.xcassets in Resources */ = {isa = PBXBuildFile; fileRef = 356D906E2746602800E9B529 /* Assets.xcassets */; };
		356D90722746602800E9B529 /* Preview Assets.xcassets in Resources */ = {isa = PBXBuildFile; fileRef = 356D90712746602800E9B529 /* Preview Assets.xcassets */; };
		356D907C2746602800E9B529 /* Test_TaskTests.swift in Sources */ = {isa = PBXBuildFile; fileRef = 356D907B2746602800E9B529 /* Test_TaskTests.swift */; };
		356D90862746602800E9B529 /* Test_TaskUITests.swift in Sources */ = {isa = PBXBuildFile; fileRef = 356D90852746602800E9B529 /* Test_TaskUITests.swift */; };
		356D90882746602800E9B529 /* Test_TaskUITestsLaunchTests.swift in Sources */ = {isa = PBXBuildFile; fileRef = 356D90872746602800E9B529 /* Test_TaskUITestsLaunchTests.swift */; };
		356D90962746603A00E9B529 /* Model.swift in Sources */ = {isa = PBXBuildFile; fileRef = 356D90952746603A00E9B529 /* Model.swift */; };
		356D90982746603F00E9B529 /* ViewModel.swift in Sources */ = {isa = PBXBuildFile; fileRef = 356D90972746603F00E9B529 /* ViewModel.swift */; };
		356D909A2746604700E9B529 /* DetailView.swift in Sources */ = {isa = PBXBuildFile; fileRef = 356D90992746604700E9B529 /* DetailView.swift */; };
/* End PBXBuildFile section */

/* Begin PBXContainerItemProxy section */
		356D90782746602800E9B529 /* PBXContainerItemProxy */ = {
			isa = PBXContainerItemProxy;
			containerPortal = 356D905F2746602600E9B529 /* Project object */;
			proxyType = 1;
			remoteGlobalIDString = 356D90662746602600E9B529;
			remoteInfo = Test_Task;
		};
		356D90822746602800E9B529 /* PBXContainerItemProxy */ = {
			isa = PBXContainerItemProxy;
			containerPortal = 356D905F2746602600E9B529 /* Project object */;
			proxyType = 1;
			remoteGlobalIDString = 356D90662746602600E9B529;
			remoteInfo = Test_Task;
		};
/* End PBXContainerItemProxy section */

/* Begin PBXFileReference section */
		356D90672746602600E9B529 /* Test_Task.app */ = {isa = PBXFileReference; explicitFileType = wrapper.application; includeInIndex = 0; path = Test_Task.app; sourceTree = BUILT_PRODUCTS_DIR; };
		356D906A2746602600E9B529 /* Test_TaskApp.swift */ = {isa = PBXFileReference; lastKnownFileType = sourcecode.swift; path = Test_TaskApp.swift; sourceTree = "<group>"; };
		356D906C2746602600E9B529 /* ContentView.swift */ = {isa = PBXFileReference; lastKnownFileType = sourcecode.swift; path = ContentView.swift; sourceTree = "<group>"; };
		356D906E2746602800E9B529 /* Assets.xcassets */ = {isa = PBXFileReference; lastKnownFileType = folder.assetcatalog; path = Assets.xcassets; sourceTree = "<group>"; };
		356D90712746602800E9B529 /* Preview Assets.xcassets */ = {isa = PBXFileReference; lastKnownFileType = folder.assetcatalog; path = "Preview Assets.xcassets"; sourceTree = "<group>"; };
		356D90772746602800E9B529 /* Test_TaskTests.xctest */ = {isa = PBXFileReference; explicitFileType = wrapper.cfbundle; includeInIndex = 0; path = Test_TaskTests.xctest; sourceTree = BUILT_PRODUCTS_DIR; };
		356D907B2746602800E9B529 /* Test_TaskTests.swift */ = {isa = PBXFileReference; lastKnownFileType = sourcecode.swift; path = Test_TaskTests.swift; sourceTree = "<group>"; };
		356D90812746602800E9B529 /* Test_TaskUITests.xctest */ = {isa = PBXFileReference; explicitFileType = wrapper.cfbundle; includeInIndex = 0; path = Test_TaskUITests.xctest; sourceTree = BUILT_PRODUCTS_DIR; };
		356D90852746602800E9B529 /* Test_TaskUITests.swift */ = {isa = PBXFileReference; lastKnownFileType = sourcecode.swift; path = Test_TaskUITests.swift; sourceTree = "<group>"; };
		356D90872746602800E9B529 /* Test_TaskUITestsLaunchTests.swift */ = {isa = PBXFileReference; lastKnownFileType = sourcecode.swift; path = Test_TaskUITestsLaunchTests.swift; sourceTree = "<group>"; };
		356D90952746603A00E9B529 /* Model.swift */ = {isa = PBXFileReference; lastKnownFileType = sourcecode.swift; path = Model.swift; sourceTree = "<group>"; };
		356D90972746603F00E9B529 /* ViewModel.swift */ = {isa = PBXFileReference; lastKnownFileType = sourcecode.swift; path = ViewModel.swift; sourceTree = "<group>"; };
		356D90992746604700E9B529 /* DetailView.swift */ = {isa = PBXFileReference; lastKnownFileType = sourcecode.swift; path = DetailView.swift; sourceTree = "<group>"; };
/* End PBXFileReference section */

/* Begin PBXFrameworksBuildPhase section */
		356D90642746602600E9B529 /* Frameworks */ = {
			isa = PBXFrameworksBuildPhase;
			buildActionMask = 2147483647;
			files = (
			);
			runOnlyForDeploymentPostprocessing = 0;
		};
		356D90742746602800E9B529 /* Frameworks */ = {
			isa = PBXFrameworksBuildPhase;
			buildActionMask = 2147483647;
			files = (
			);
			runOnlyForDeploymentPostprocessing = 0;
		};
		356D907E2746602800E9B529 /* Frameworks */ = {
			isa = PBXFrameworksBuildPhase;
			buildActionMask = 2147483647;
			files = (
			);
			runOnlyForDeploymentPostprocessing = 0;
		};
/* End PBXFrameworksBuildPhase section */

/* Begin PBXGroup section */
		356D905E2746602600E9B529 = {
			isa = PBXGroup;
			children = (
				356D90692746602600E9B529 /* Test_Task */,
				356D907A2746602800E9B529 /* Test_TaskTests */,
				356D90842746602800E9B529 /* Test_TaskUITests */,
				356D90682746602600E9B529 /* Products */,
			);
			sourceTree = "<group>";
		};
		356D90682746602600E9B529 /* Products */ = {
			isa = PBXGroup;
			children = (
				356D90672746602600E9B529 /* Test_Task.app */,
				356D90772746602800E9B529 /* Test_TaskTests.xctest */,
				356D90812746602800E9B529 /* Test_TaskUITests.xctest */,
			);
			name = Products;
			sourceTree = "<group>";
		};
		356D90692746602600E9B529 /* Test_Task */ = {
			isa = PBXGroup;
			children = (
				356D90942746603100E9B529 /* MVVM */,
				356D906A2746602600E9B529 /* Test_TaskApp.swift */,
				356D906C2746602600E9B529 /* ContentView.swift */,
				356D906E2746602800E9B529 /* Assets.xcassets */,
				356D90702746602800E9B529 /* Preview Content */,
			);
			path = Test_Task;
			sourceTree = "<group>";
		};
		356D90702746602800E9B529 /* Preview Content */ = {
			isa = PBXGroup;
			children = (
				356D90712746602800E9B529 /* Preview Assets.xcassets */,
			);
			path = "Preview Content";
			sourceTree = "<group>";
		};
		356D907A2746602800E9B529 /* Test_TaskTests */ = {
			isa = PBXGroup;
			children = (
				356D907B2746602800E9B529 /* Test_TaskTests.swift */,
			);
			path = Test_TaskTests;
			sourceTree = "<group>";
		};
		356D90842746602800E9B529 /* Test_TaskUITests */ = {
			isa = PBXGroup;
			children = (
				356D90852746602800E9B529 /* Test_TaskUITests.swift */,
				356D90872746602800E9B529 /* Test_TaskUITestsLaunchTests.swift */,
			);
			path = Test_TaskUITests;
			sourceTree = "<group>";
		};
		356D90942746603100E9B529 /* MVVM */ = {
			isa = PBXGroup;
			children = (
				356D90952746603A00E9B529 /* Model.swift */,
				356D90972746603F00E9B529 /* ViewModel.swift */,
				356D90992746604700E9B529 /* DetailView.swift */,
			);
			path = MVVM;
			sourceTree = "<group>";
		};
/* End PBXGroup section */

/* Begin PBXNativeTarget section */
		356D90662746602600E9B529 /* Test_Task */ = {
			isa = PBXNativeTarget;
			buildConfigurationList = 356D908B2746602800E9B529 /* Build configuration list for PBXNativeTarget "Test_Task" */;
			buildPhases = (
				356D90632746602600E9B529 /* Sources */,
				356D90642746602600E9B529 /* Frameworks */,
				356D90652746602600E9B529 /* Resources */,
			);
			buildRules = (
			);
			dependencies = (
			);
			name = Test_Task;
			productName = Test_Task;
			productReference = 356D90672746602600E9B529 /* Test_Task.app */;
			productType = "com.apple.product-type.application";
		};
		356D90762746602800E9B529 /* Test_TaskTests */ = {
			isa = PBXNativeTarget;
			buildConfigurationList = 356D908E2746602800E9B529 /* Build configuration list for PBXNativeTarget "Test_TaskTests" */;
			buildPhases = (
				356D90732746602800E9B529 /* Sources */,
				356D90742746602800E9B529 /* Frameworks */,
				356D90752746602800E9B529 /* Resources */,
			);
			buildRules = (
			);
			dependencies = (
				356D90792746602800E9B529 /* PBXTargetDependency */,
			);
			name = Test_TaskTests;
			productName = Test_TaskTests;
			productReference = 356D90772746602800E9B529 /* Test_TaskTests.xctest */;
			productType = "com.apple.product-type.bundle.unit-test";
		};
		356D90802746602800E9B529 /* Test_TaskUITests */ = {
			isa = PBXNativeTarget;
			buildConfigurationList = 356D90912746602800E9B529 /* Build configuration list for PBXNativeTarget "Test_TaskUITests" */;
			buildPhases = (
				356D907D2746602800E9B529 /* Sources */,
				356D907E2746602800E9B529 /* Frameworks */,
				356D907F2746602800E9B529 /* Resources */,
			);
			buildRules = (
			);
			dependencies = (
				356D90832746602800E9B529 /* PBXTargetDependency */,
			);
			name = Test_TaskUITests;
			productName = Test_TaskUITests;
			productReference = 356D90812746602800E9B529 /* Test_TaskUITests.xctest */;
			productType = "com.apple.product-type.bundle.ui-testing";
		};
/* End PBXNativeTarget section */

/* Begin PBXProject section */
		356D905F2746602600E9B529 /* Project object */ = {
			isa = PBXProject;
			attributes = {
				BuildIndependentTargetsInParallel = 1;
				LastSwiftUpdateCheck = 1310;
				LastUpgradeCheck = 1310;
				TargetAttributes = {
					356D90662746602600E9B529 = {
						CreatedOnToolsVersion = 13.1;
					};
					356D90762746602800E9B529 = {
						CreatedOnToolsVersion = 13.1;
						TestTargetID = 356D90662746602600E9B529;
					};
					356D90802746602800E9B529 = {
						CreatedOnToolsVersion = 13.1;
						TestTargetID = 356D90662746602600E9B529;
					};
				};
			};
			buildConfigurationList = 356D90622746602600E9B529 /* Build configuration list for PBXProject "Test_Task" */;
			compatibilityVersion = "Xcode 13.0";
			developmentRegion = en;
			hasScannedForEncodings = 0;
			knownRegions = (
				en,
				Base,
			);
			mainGroup = 356D905E2746602600E9B529;
			productRefGroup = 356D90682746602600E9B529 /* Products */;
			projectDirPath = "";
			projectRoot = "";
			targets = (
				356D90662746602600E9B529 /* Test_Task */,
				356D90762746602800E9B529 /* Test_TaskTests */,
				356D90802746602800E9B529 /* Test_TaskUITests */,
			);
		};
/* End PBXProject section */

/* Begin PBXResourcesBuildPhase section */
		356D90652746602600E9B529 /* Resources */ = {
			isa = PBXResourcesBuildPhase;
			buildActionMask = 2147483647;
			files = (
				356D90722746602800E9B529 /* Preview Assets.xcassets in Resources */,
				356D906F2746602800E9B529 /* Assets.xcassets in Resources */,
			);
			runOnlyForDeploymentPostprocessing = 0;
		};
		356D90752746602800E9B529 /* Resources */ = {
			isa = PBXResourcesBuildPhase;
			buildActionMask = 2147483647;
			files = (
			);
			runOnlyForDeploymentPostprocessing = 0;
		};
		356D907F2746602800E9B529 /* Resources */ = {
			isa = PBXResourcesBuildPhase;
			buildActionMask = 2147483647;
			files = (
			);
			runOnlyForDeploymentPostprocessing = 0;
		};
/* End PBXResourcesBuildPhase section */

/* Begin PBXSourcesBuildPhase section */
		356D90632746602600E9B529 /* Sources */ = {
			isa = PBXSourcesBuildPhase;
			buildActionMask = 2147483647;
			files = (
				356D90962746603A00E9B529 /* Model.swift in Sources */,
				356D906D2746602600E9B529 /* ContentView.swift in Sources */,
				356D90982746603F00E9B529 /* ViewModel.swift in Sources */,
				356D909A2746604700E9B529 /* DetailView.swift in Sources */,
				356D906B2746602600E9B529 /* Test_TaskApp.swift in Sources */,
			);
			runOnlyForDeploymentPostprocessing = 0;
		};
		356D90732746602800E9B529 /* Sources */ = {
			isa = PBXSourcesBuildPhase;
			buildActionMask = 2147483647;
			files = (
				356D907C2746602800E9B529 /* Test_TaskTests.swift in Sources */,
			);
			runOnlyForDeploymentPostprocessing = 0;
		};
		356D907D2746602800E9B529 /* Sources */ = {
			isa = PBXSourcesBuildPhase;
			buildActionMask = 2147483647;
			files = (
				356D90862746602800E9B529 /* Test_TaskUITests.swift in Sources */,
				356D90882746602800E9B529 /* Test_TaskUITestsLaunchTests.swift in Sources */,
			);
			runOnlyForDeploymentPostprocessing = 0;
		};
/* End PBXSourcesBuildPhase section */

/* Begin PBXTargetDependency section */
		356D90792746602800E9B529 /* PBXTargetDependency */ = {
			isa = PBXTargetDependency;
			target = 356D90662746602600E9B529 /* Test_Task */;
			targetProxy = 356D90782746602800E9B529 /* PBXContainerItemProxy */;
		};
		356D90832746602800E9B529 /* PBXTargetDependency */ = {
			isa = PBXTargetDependency;
			target = 356D90662746602600E9B529 /* Test_Task */;
			targetProxy = 356D90822746602800E9B529 /* PBXContainerItemProxy */;
		};
/* End PBXTargetDependency section */

/* Begin XCBuildConfiguration section */
		356D90892746602800E9B529 /* Debug */ = {
			isa = XCBuildConfiguration;
			buildSettings = {
				ALWAYS_SEARCH_USER_PATHS = NO;
				CLANG_ANALYZER_NONNULL = YES;
				CLANG_ANALYZER_NUMBER_OBJECT_CONVERSION = YES_AGGRESSIVE;
				CLANG_CXX_LANGUAGE_STANDARD = "gnu++17";
				CLANG_CXX_LIBRARY = "libc++";
				CLANG_ENABLE_MODULES = YES;
				CLANG_ENABLE_OBJC_ARC = YES;
				CLANG_ENABLE_OBJC_WEAK = YES;
				CLANG_WARN_BLOCK_CAPTURE_AUTORELEASING = YES;
				CLANG_WARN_BOOL_CONVERSION = YES;
				CLANG_WARN_COMMA = YES;
				CLANG_WARN_CONSTANT_CONVERSION = YES;
				CLANG_WARN_DEPRECATED_OBJC_IMPLEMENTATIONS = YES;
				CLANG_WARN_DIRECT_OBJC_ISA_USAGE = YES_ERROR;
				CLANG_WARN_DOCUMENTATION_COMMENTS = YES;
				CLANG_WARN_EMPTY_BODY = YES;
				CLANG_WARN_ENUM_CONVERSION = YES;
				CLANG_WARN_INFINITE_RECURSION = YES;
				CLANG_WARN_INT_CONVERSION = YES;
				CLANG_WARN_NON_LITERAL_NULL_CONVERSION = YES;
				CLANG_WARN_OBJC_IMPLICIT_RETAIN_SELF = YES;
				CLANG_WARN_OBJC_LITERAL_CONVERSION = YES;
				CLANG_WARN_OBJC_ROOT_CLASS = YES_ERROR;
				CLANG_WARN_QUOTED_INCLUDE_IN_FRAMEWORK_HEADER = YES;
				CLANG_WARN_RANGE_LOOP_ANALYSIS = YES;
				CLANG_WARN_STRICT_PROTOTYPES = YES;
				CLANG_WARN_SUSPICIOUS_MOVE = YES;
				CLANG_WARN_UNGUARDED_AVAILABILITY = YES_AGGRESSIVE;
				CLANG_WARN_UNREACHABLE_CODE = YES;
				CLANG_WARN__DUPLICATE_METHOD_MATCH = YES;
				COPY_PHASE_STRIP = NO;
				DEBUG_INFORMATION_FORMAT = dwarf;
				ENABLE_STRICT_OBJC_MSGSEND = YES;
				ENABLE_TESTABILITY = YES;
				GCC_C_LANGUAGE_STANDARD = gnu11;
				GCC_DYNAMIC_NO_PIC = NO;
				GCC_NO_COMMON_BLOCKS = YES;
				GCC_OPTIMIZATION_LEVEL = 0;
				GCC_PREPROCESSOR_DEFINITIONS = (
					"DEBUG=1",
					"$(inherited)",
				);
				GCC_WARN_64_TO_32_BIT_CONVERSION = YES;
				GCC_WARN_ABOUT_RETURN_TYPE = YES_ERROR;
				GCC_WARN_UNDECLARED_SELECTOR = YES;
				GCC_WARN_UNINITIALIZED_AUTOS = YES_AGGRESSIVE;
				GCC_WARN_UNUSED_FUNCTION = YES;
				GCC_WARN_UNUSED_VARIABLE = YES;
				IPHONEOS_DEPLOYMENT_TARGET = 15.0;
				MTL_ENABLE_DEBUG_INFO = INCLUDE_SOURCE;
				MTL_FAST_MATH = YES;
				ONLY_ACTIVE_ARCH = YES;
				SDKROOT = iphoneos;
				SWIFT_ACTIVE_COMPILATION_CONDITIONS = DEBUG;
				SWIFT_OPTIMIZATION_LEVEL = "-Onone";
			};
			name = Debug;
		};
		356D908A2746602800E9B529 /* Release */ = {
			isa = XCBuildConfiguration;
			buildSettings = {
				ALWAYS_SEARCH_USER_PATHS = NO;
				CLANG_ANALYZER_NONNULL = YES;
				CLANG_ANALYZER_NUMBER_OBJECT_CONVERSION = YES_AGGRESSIVE;
				CLANG_CXX_LANGUAGE_STANDARD = "gnu++17";
				CLANG_CXX_LIBRARY = "libc++";
				CLANG_ENABLE_MODULES = YES;
				CLANG_ENABLE_OBJC_ARC = YES;
				CLANG_ENABLE_OBJC_WEAK = YES;
				CLANG_WARN_BLOCK_CAPTURE_AUTORELEASING = YES;
				CLANG_WARN_BOOL_CONVERSION = YES;
				CLANG_WARN_COMMA = YES;
				CLANG_WARN_CONSTANT_CONVERSION = YES;
				CLANG_WARN_DEPRECATED_OBJC_IMPLEMENTATIONS = YES;
				CLANG_WARN_DIRECT_OBJC_ISA_USAGE = YES_ERROR;
				CLANG_WARN_DOCUMENTATION_COMMENTS = YES;
				CLANG_WARN_EMPTY_BODY = YES;
				CLANG_WARN_ENUM_CONVERSION = YES;
				CLANG_WARN_INFINITE_RECURSION = YES;
				CLANG_WARN_INT_CONVERSION = YES;
				CLANG_WARN_NON_LITERAL_NULL_CONVERSION = YES;
				CLANG_WARN_OBJC_IMPLICIT_RETAIN_SELF = YES;
				CLANG_WARN_OBJC_LITERAL_CONVERSION = YES;
				CLANG_WARN_OBJC_ROOT_CLASS = YES_ERROR;
				CLANG_WARN_QUOTED_INCLUDE_IN_FRAMEWORK_HEADER = YES;
				CLANG_WARN_RANGE_LOOP_ANALYSIS = YES;
				CLANG_WARN_STRICT_PROTOTYPES = YES;
				CLANG_WARN_SUSPICIOUS_MOVE = YES;
				CLANG_WARN_UNGUARDED_AVAILABILITY = YES_AGGRESSIVE;
				CLANG_WARN_UNREACHABLE_CODE = YES;
				CLANG_WARN__DUPLICATE_METHOD_MATCH = YES;
				COPY_PHASE_STRIP = NO;
				DEBUG_INFORMATION_FORMAT = "dwarf-with-dsym";
				ENABLE_NS_ASSERTIONS = NO;
				ENABLE_STRICT_OBJC_MSGSEND = YES;
				GCC_C_LANGUAGE_STANDARD = gnu11;
				GCC_NO_COMMON_BLOCKS = YES;
				GCC_WARN_64_TO_32_BIT_CONVERSION = YES;
				GCC_WARN_ABOUT_RETURN_TYPE = YES_ERROR;
				GCC_WARN_UNDECLARED_SELECTOR = YES;
				GCC_WARN_UNINITIALIZED_AUTOS = YES_AGGRESSIVE;
				GCC_WARN_UNUSED_FUNCTION = YES;
				GCC_WARN_UNUSED_VARIABLE = YES;
				IPHONEOS_DEPLOYMENT_TARGET = 15.0;
				MTL_ENABLE_DEBUG_INFO = NO;
				MTL_FAST_MATH = YES;
				SDKROOT = iphoneos;
				SWIFT_COMPILATION_MODE = wholemodule;
				SWIFT_OPTIMIZATION_LEVEL = "-O";
				VALIDATE_PRODUCT = YES;
			};
			name = Release;
		};
		356D908C2746602800E9B529 /* Debug */ = {
			isa = XCBuildConfiguration;
			buildSettings = {
				ASSETCATALOG_COMPILER_APPICON_NAME = AppIcon;
				ASSETCATALOG_COMPILER_GLOBAL_ACCENT_COLOR_NAME = AccentColor;
				CODE_SIGN_STYLE = Automatic;
				CURRENT_PROJECT_VERSION = 1;
				DEVELOPMENT_ASSET_PATHS = "\"Test_Task/Preview Content\"";
				DEVELOPMENT_TEAM = XT52288R7V;
				ENABLE_PREVIEWS = YES;
				GENERATE_INFOPLIST_FILE = YES;
				INFOPLIST_KEY_UIApplicationSceneManifest_Generation = YES;
				INFOPLIST_KEY_UIApplicationSupportsIndirectInputEvents = YES;
				INFOPLIST_KEY_UILaunchScreen_Generation = YES;
				INFOPLIST_KEY_UISupportedInterfaceOrientations_iPad = "UIInterfaceOrientationPortrait UIInterfaceOrientationPortraitUpsideDown UIInterfaceOrientationLandscapeLeft UIInterfaceOrientationLandscapeRight";
				INFOPLIST_KEY_UISupportedInterfaceOrientations_iPhone = "UIInterfaceOrientationPortrait UIInterfaceOrientationLandscapeLeft UIInterfaceOrientationLandscapeRight";
				LD_RUNPATH_SEARCH_PATHS = (
					"$(inherited)",
					"@executable_path/Frameworks",
				);
				MARKETING_VERSION = 1.0;
				PRODUCT_BUNDLE_IDENTIFIER = "com.MKM.Test-Task";
				PRODUCT_NAME = "$(TARGET_NAME)";
				SWIFT_EMIT_LOC_STRINGS = YES;
				SWIFT_VERSION = 5.0;
				TARGETED_DEVICE_FAMILY = "1,2";
			};
			name = Debug;
		};
		356D908D2746602800E9B529 /* Release */ = {
			isa = XCBuildConfiguration;
			buildSettings = {
				ASSETCATALOG_COMPILER_APPICON_NAME = AppIcon;
				ASSETCATALOG_COMPILER_GLOBAL_ACCENT_COLOR_NAME = AccentColor;
				CODE_SIGN_STYLE = Automatic;
				CURRENT_PROJECT_VERSION = 1;
				DEVELOPMENT_ASSET_PATHS = "\"Test_Task/Preview Content\"";
				DEVELOPMENT_TEAM = XT52288R7V;
				ENABLE_PREVIEWS = YES;
				GENERATE_INFOPLIST_FILE = YES;
				INFOPLIST_KEY_UIApplicationSceneManifest_Generation = YES;
				INFOPLIST_KEY_UIApplicationSupportsIndirectInputEvents = YES;
				INFOPLIST_KEY_UILaunchScreen_Generation = YES;
				INFOPLIST_KEY_UISupportedInterfaceOrientations_iPad = "UIInterfaceOrientationPortrait UIInterfaceOrientationPortraitUpsideDown UIInterfaceOrientationLandscapeLeft UIInterfaceOrientationLandscapeRight";
				INFOPLIST_KEY_UISupportedInterfaceOrientations_iPhone = "UIInterfaceOrientationPortrait UIInterfaceOrientationLandscapeLeft UIInterfaceOrientationLandscapeRight";
				LD_RUNPATH_SEARCH_PATHS = (
					"$(inherited)",
					"@executable_path/Frameworks",
				);
				MARKETING_VERSION = 1.0;
				PRODUCT_BUNDLE_IDENTIFIER = "com.MKM.Test-Task";
				PRODUCT_NAME = "$(TARGET_NAME)";
				SWIFT_EMIT_LOC_STRINGS = YES;
				SWIFT_VERSION = 5.0;
				TARGETED_DEVICE_FAMILY = "1,2";
			};
			name = Release;
		};
		356D908F2746602800E9B529 /* Debug */ = {
			isa = XCBuildConfiguration;
			buildSettings = {
				ALWAYS_EMBED_SWIFT_STANDARD_LIBRARIES = YES;
				BUNDLE_LOADER = "$(TEST_HOST)";
				CODE_SIGN_STYLE = Automatic;
				CURRENT_PROJECT_VERSION = 1;
				DEVELOPMENT_TEAM = XT52288R7V;
				GENERATE_INFOPLIST_FILE = YES;
				IPHONEOS_DEPLOYMENT_TARGET = 15.0;
				LD_RUNPATH_SEARCH_PATHS = (
					"$(inherited)",
					"@executable_path/Frameworks",
					"@loader_path/Frameworks",
				);
				MARKETING_VERSION = 1.0;
				PRODUCT_BUNDLE_IDENTIFIER = "com.MKM.Test-TaskTests";
				PRODUCT_NAME = "$(TARGET_NAME)";
				SWIFT_EMIT_LOC_STRINGS = NO;
				SWIFT_VERSION = 5.0;
				TARGETED_DEVICE_FAMILY = "1,2";
				TEST_HOST = "$(BUILT_PRODUCTS_DIR)/Test_Task.app/Test_Task";
			};
			name = Debug;
		};
		356D90902746602800E9B529 /* Release */ = {
			isa = XCBuildConfiguration;
			buildSettings = {
				ALWAYS_EMBED_SWIFT_STANDARD_LIBRARIES = YES;
				BUNDLE_LOADER = "$(TEST_HOST)";
				CODE_SIGN_STYLE = Automatic;
				CURRENT_PROJECT_VERSION = 1;
				DEVELOPMENT_TEAM = XT52288R7V;
				GENERATE_INFOPLIST_FILE = YES;
				IPHONEOS_DEPLOYMENT_TARGET = 15.0;
				LD_RUNPATH_SEARCH_PATHS = (
					"$(inherited)",
					"@executable_path/Frameworks",
					"@loader_path/Frameworks",
				);
				MARKETING_VERSION = 1.0;
				PRODUCT_BUNDLE_IDENTIFIER = "com.MKM.Test-TaskTests";
				PRODUCT_NAME = "$(TARGET_NAME)";
				SWIFT_EMIT_LOC_STRINGS = NO;
				SWIFT_VERSION = 5.0;
				TARGETED_DEVICE_FAMILY = "1,2";
				TEST_HOST = "$(BUILT_PRODUCTS_DIR)/Test_Task.app/Test_Task";
			};
			name = Release;
		};
		356D90922746602800E9B529 /* Debug */ = {
			isa = XCBuildConfiguration;
			buildSettings = {
				ALWAYS_EMBED_SWIFT_STANDARD_LIBRARIES = YES;
				CODE_SIGN_STYLE = Automatic;
				CURRENT_PROJECT_VERSION = 1;
				DEVELOPMENT_TEAM = XT52288R7V;
				GENERATE_INFOPLIST_FILE = YES;
				LD_RUNPATH_SEARCH_PATHS = (
					"$(inherited)",
					"@executable_path/Frameworks",
					"@loader_path/Frameworks",
				);
				MARKETING_VERSION = 1.0;
				PRODUCT_BUNDLE_IDENTIFIER = "com.MKM.Test-TaskUITests";
				PRODUCT_NAME = "$(TARGET_NAME)";
				SWIFT_EMIT_LOC_STRINGS = NO;
				SWIFT_VERSION = 5.0;
				TARGETED_DEVICE_FAMILY = "1,2";
				TEST_TARGET_NAME = Test_Task;
			};
			name = Debug;
		};
		356D90932746602800E9B529 /* Release */ = {
			isa = XCBuildConfiguration;
			buildSettings = {
				ALWAYS_EMBED_SWIFT_STANDARD_LIBRARIES = YES;
				CODE_SIGN_STYLE = Automatic;
				CURRENT_PROJECT_VERSION = 1;
				DEVELOPMENT_TEAM = XT52288R7V;
				GENERATE_INFOPLIST_FILE = YES;
				LD_RUNPATH_SEARCH_PATHS = (
					"$(inherited)",
					"@executable_path/Frameworks",
					"@loader_path/Frameworks",
				);
				MARKETING_VERSION = 1.0;
				PRODUCT_BUNDLE_IDENTIFIER = "com.MKM.Test-TaskUITests";
				PRODUCT_NAME = "$(TARGET_NAME)";
				SWIFT_EMIT_LOC_STRINGS = NO;
				SWIFT_VERSION = 5.0;
				TARGETED_DEVICE_FAMILY = "1,2";
				TEST_TARGET_NAME = Test_Task;
			};
			name = Release;
		};
/* End XCBuildConfiguration section */

/* Begin XCConfigurationList section */
		356D90622746602600E9B529 /* Build configuration list for PBXProject "Test_Task" */ = {
			isa = XCConfigurationList;
			buildConfigurations = (
				356D90892746602800E9B529 /* Debug */,
				356D908A2746602800E9B529 /* Release */,
			);
			defaultConfigurationIsVisible = 0;
			defaultConfigurationName = Release;
		};
		356D908B2746602800E9B529 /* Build configuration list for PBXNativeTarget "Test_Task" */ = {
			isa = XCConfigurationList;
			buildConfigurations = (
				356D908C2746602800E9B529 /* Debug */,
				356D908D2746602800E9B529 /* Release */,
			);
			defaultConfigurationIsVisible = 0;
			defaultConfigurationName = Release;
		};
		356D908E2746602800E9B529 /* Build configuration list for PBXNativeTarget "Test_TaskTests" */ = {
			isa = XCConfigurationList;
			buildConfigurations = (
				356D908F2746602800E9B529 /* Debug */,
				356D90902746602800E9B529 /* Release */,
			);
			defaultConfigurationIsVisible = 0;
			defaultConfigurationName = Release;
		};
		356D90912746602800E9B529 /* Build configuration list for PBXNativeTarget "Test_TaskUITests" */ = {
			isa = XCConfigurationList;
			buildConfigurations = (
				356D90922746602800E9B529 /* Debug */,
				356D90932746602800E9B529 /* Release */,
			);
			defaultConfigurationIsVisible = 0;
			defaultConfigurationName = Release;
		};
/* End XCConfigurationList section */
	};
	rootObject = 356D905F2746602600E9B529 /* Project object */;
}
